
Microsoft Visual Studio Solution File, Format Version 12.00
# Visual Studio Version 17
VisualStudioVersion = 17.5.002.0
MinimumVisualStudioVersion = 10.0.40219.1
Project("{9A19103F-16F7-4668-BE54-9A1E7A4F7556}") = "schoolProjectMtM", "schoolProjectMtM.csproj", "{E6AF2734-5229-4706-93DB-D96DE3B6E4BB}"
EndProject
Global
	GlobalSection(SolutionConfigurationPlatforms) = preSolution
		Debug|Any CPU = Debug|Any CPU
		Release|Any CPU = Release|Any CPU
	EndGlobalSection
	GlobalSection(ProjectConfigurationPlatforms) = postSolution
		{E6AF2734-5229-4706-93DB-D96DE3B6E4BB}.Debug|Any CPU.ActiveCfg = Debug|Any CPU
		{E6AF2734-5229-4706-93DB-D96DE3B6E4BB}.Debug|Any CPU.Build.0 = Debug|Any CPU
		{E6AF2734-5229-4706-93DB-D96DE3B6E4BB}.Release|Any CPU.ActiveCfg = Release|Any CPU
		{E6AF2734-5229-4706-93DB-D96DE3B6E4BB}.Release|Any CPU.Build.0 = Release|Any CPU
	EndGlobalSection
	GlobalSection(SolutionProperties) = preSolution
		HideSolutionNode = FALSE
	EndGlobalSection
	GlobalSection(ExtensibilityGlobals) = postSolution
		SolutionGuid = {289261FA-A6AF-4A41-B05D-A186BA937A64}
	EndGlobalSection
EndGlobal
