
Microsoft Visual Studio Solution File, Format Version 12.00
# Visual Studio Version 17
VisualStudioVersion = 17.9.34728.123
MinimumVisualStudioVersion = 10.0.40219.1
Project("{FAE04EC0-301F-11D3-BF4B-00C04F79EFBC}") = "Storage", "Storage\Storage.csproj", "{2D39A7B4-E850-45BA-AC0F-82141D6DE16E}"
EndProject
Global
	GlobalSection(SolutionConfigurationPlatforms) = preSolution
		Debug|Any CPU = Debug|Any CPU
		Release|Any CPU = Release|Any CPU
	EndGlobalSection
	GlobalSection(ProjectConfigurationPlatforms) = postSolution
		{2D39A7B4-E850-45BA-AC0F-82141D6DE16E}.Debug|Any CPU.ActiveCfg = Debug|Any CPU
		{2D39A7B4-E850-45BA-AC0F-82141D6DE16E}.Debug|Any CPU.Build.0 = Debug|Any CPU
		{2D39A7B4-E850-45BA-AC0F-82141D6DE16E}.Release|Any CPU.ActiveCfg = Release|Any CPU
		{2D39A7B4-E850-45BA-AC0F-82141D6DE16E}.Release|Any CPU.Build.0 = Release|Any CPU
	EndGlobalSection
	GlobalSection(SolutionProperties) = preSolution
		HideSolutionNode = FALSE
	EndGlobalSection
	GlobalSection(ExtensibilityGlobals) = postSolution
		SolutionGuid = {0220B4B4-41C5-42CE-946C-9C6C7DF42032}
	EndGlobalSection
EndGlobal
