
Microsoft Visual Studio Solution File, Format Version 12.00
# Visual Studio Version 17
VisualStudioVersion = 17.5.002.0
MinimumVisualStudioVersion = 10.0.40219.1
Project("{9A19103F-16F7-4668-BE54-9A1E7A4F7556}") = "FastEndpoints2", "FastEndpoints2.csproj", "{1C97C350-F805-4FEE-9F76-F126A1C82A33}"
EndProject
Global
	GlobalSection(SolutionConfigurationPlatforms) = preSolution
		Debug|Any CPU = Debug|Any CPU
		Release|Any CPU = Release|Any CPU
	EndGlobalSection
	GlobalSection(ProjectConfigurationPlatforms) = postSolution
		{1C97C350-F805-4FEE-9F76-F126A1C82A33}.Debug|Any CPU.ActiveCfg = Debug|Any CPU
		{1C97C350-F805-4FEE-9F76-F126A1C82A33}.Debug|Any CPU.Build.0 = Debug|Any CPU
		{1C97C350-F805-4FEE-9F76-F126A1C82A33}.Release|Any CPU.ActiveCfg = Release|Any CPU
		{1C97C350-F805-4FEE-9F76-F126A1C82A33}.Release|Any CPU.Build.0 = Release|Any CPU
	EndGlobalSection
	GlobalSection(SolutionProperties) = preSolution
		HideSolutionNode = FALSE
	EndGlobalSection
	GlobalSection(ExtensibilityGlobals) = postSolution
		SolutionGuid = {908F5028-A4F1-43BD-A61C-CC6E23D3115F}
	EndGlobalSection
EndGlobal
